
Microsoft Visual Studio Solution File, Format Version 12.00
# Visual Studio Version 16
VisualStudioVersion = 16.0.30907.101
MinimumVisualStudioVersion = 10.0.40219.1
Project("{FAE04EC0-301F-11D3-BF4B-00C04F79EFBC}") = "Connect4", "Connect4.csproj", "{8E096591-0D44-4FC5-91B9-5CC6FE77B120}"
EndProject
Global
	GlobalSection(SolutionConfigurationPlatforms) = preSolution
		Debug|Any CPU = Debug|Any CPU
		Release|Any CPU = Release|Any CPU
	EndGlobalSection
	GlobalSection(ProjectConfigurationPlatforms) = postSolution
		{8E096591-0D44-4FC5-91B9-5CC6FE77B120}.Debug|Any CPU.ActiveCfg = Debug|Any CPU
		{8E096591-0D44-4FC5-91B9-5CC6FE77B120}.Debug|Any CPU.Build.0 = Debug|Any CPU
		{8E096591-0D44-4FC5-91B9-5CC6FE77B120}.Release|Any CPU.ActiveCfg = Release|Any CPU
		{8E096591-0D44-4FC5-91B9-5CC6FE77B120}.Release|Any CPU.Build.0 = Release|Any CPU
	EndGlobalSection
	GlobalSection(SolutionProperties) = preSolution
		HideSolutionNode = FALSE
	EndGlobalSection
	GlobalSection(ExtensibilityGlobals) = postSolution
		SolutionGuid = {B9D5F6B5-C05B-4B51-8C35-74D5C4F212E1}
	EndGlobalSection
EndGlobal
